
Microsoft Visual Studio Solution File, Format Version 12.00
# Visual Studio 2013
VisualStudioVersion = 12.0.30723.0
MinimumVisualStudioVersion = 10.0.40219.1
Project("{FAE04EC0-301F-11D3-BF4B-00C04F79EFBC}") = "RiotSharp", "RiotSharp-master\RiotSharp\RiotSharp.csproj", "{3815E113-140C-4EE7-B0B9-7797C9352311}"
EndProject
Project("{FAE04EC0-301F-11D3-BF4B-00C04F79EFBC}") = "lolmatchhistory", "lolmatchhistory\lolmatchhistory.csproj", "{6CC51689-637F-45E5-8411-E2E08F37D03C}"
EndProject
Global
	GlobalSection(SolutionConfigurationPlatforms) = preSolution
		Debug|Any CPU = Debug|Any CPU
		Release|Any CPU = Release|Any CPU
	EndGlobalSection
	GlobalSection(ProjectConfigurationPlatforms) = postSolution
		{3815E113-140C-4EE7-B0B9-7797C9352311}.Debug|Any CPU.ActiveCfg = Debug|Any CPU
		{3815E113-140C-4EE7-B0B9-7797C9352311}.Debug|Any CPU.Build.0 = Debug|Any CPU
		{3815E113-140C-4EE7-B0B9-7797C9352311}.Release|Any CPU.ActiveCfg = Release|Any CPU
		{3815E113-140C-4EE7-B0B9-7797C9352311}.Release|Any CPU.Build.0 = Release|Any CPU
		{6CC51689-637F-45E5-8411-E2E08F37D03C}.Debug|Any CPU.ActiveCfg = Debug|Any CPU
		{6CC51689-637F-45E5-8411-E2E08F37D03C}.Debug|Any CPU.Build.0 = Debug|Any CPU
		{6CC51689-637F-45E5-8411-E2E08F37D03C}.Release|Any CPU.ActiveCfg = Release|Any CPU
		{6CC51689-637F-45E5-8411-E2E08F37D03C}.Release|Any CPU.Build.0 = Release|Any CPU
	EndGlobalSection
	GlobalSection(SolutionProperties) = preSolution
		HideSolutionNode = FALSE
	EndGlobalSection
EndGlobal
